<Solution>
  <Folder Name="/src/">
    <Project Path="src/DynamicDave.Umbraco.ContentSchedule/DynamicDave.Umbraco.ContentSchedule.csproj" />
  </Folder>
  <Folder Name="/tests/">
    <Project Path="tests/DynamicDave.Umbraco.ContentSchedule.Tests/DynamicDave.Umbraco.ContentSchedule.Tests.csproj" />
    <Project Path="tests/TestSite/TestSite.csproj" />
  </Folder>
</Solution>
